{
  "name": "zt-network-to-dns",
  "version": "0.0.1",
  "lockfileVersion": 1,
  "requires": true,
  "dependencies": {
    "dotenv": {
      "version": "7.0.0",
      "resolved": "https://registry.npmjs.org/dotenv/-/dotenv-7.0.0.tgz",
      "integrity": "sha512-M3NhsLbV1i6HuGzBUH8vXrtxOk+tWmzWKDMbAVSUp3Zsjm7ywFeuwrUXhmhQyRK1q5B5GGy7hcXPbj3bnfZg2g=="
    },
    "eslint-config-standard": {
      "version": "12.0.0",
      "resolved": "https://registry.npmjs.org/eslint-config-standard/-/eslint-config-standard-12.0.0.tgz",
      "integrity": "sha512-COUz8FnXhqFitYj4DTqHzidjIL/t4mumGZto5c7DrBpvWoie+Sn3P4sLEzUGeYhRElWuFEf8K1S1EfvD1vixCQ==",
      "dev": true
    },
    "ip-regex": {
      "version": "2.1.0",
      "resolved": "https://registry.npmjs.org/ip-regex/-/ip-regex-2.1.0.tgz",
      "integrity": "sha1-+ni/XS5pE8kRzp+BnuUUa7bYROk="
    },
    "is-ip": {
      "version": "2.0.0",
      "resolved": "https://registry.npmjs.org/is-ip/-/is-ip-2.0.0.tgz",
      "integrity": "sha1-aO6gfooKCpTC0IDdZ0xzGrKkYas=",
      "requires": {
        "ip-regex": "^2.0.0"
      }
    },
    "nanorequest": {
      "version": "3.0.0",
      "resolved": "https://registry.npmjs.org/nanorequest/-/nanorequest-3.0.0.tgz",
      "integrity": "sha512-nX9n6ors72Ir6Qy+E7nLpBbHYG1XomnC9WIbaL2HSkIVWdKH4kAh4cBQDkwxFNPVILKZJPfSBGWbtphQXbGpRQ=="
    }
  }
}
